
Microsoft Visual Studio Solution File, Format Version 12.00
# Visual Studio Version 17
VisualStudioVersion = 17.11.35327.3
MinimumVisualStudioVersion = 10.0.40219.1
Project("{9A19103F-16F7-4668-BE54-9A1E7A4F7556}") = "FormBE", "FormBE\FormBE.csproj", "{6F245A8C-349B-4113-9DD3-AE34291B7112}"
EndProject
Project("{54A90642-561A-4BB1-A94E-469ADEE60C69}") = "form-fe", "form-fe\form-fe.esproj", "{B0F3F13C-7398-438E-B135-CAEC31ED3B05}"
EndProject
Global
	GlobalSection(SolutionConfigurationPlatforms) = preSolution
		Debug|Any CPU = Debug|Any CPU
		Release|Any CPU = Release|Any CPU
	EndGlobalSection
	GlobalSection(ProjectConfigurationPlatforms) = postSolution
		{6F245A8C-349B-4113-9DD3-AE34291B7112}.Debug|Any CPU.ActiveCfg = Debug|Any CPU
		{6F245A8C-349B-4113-9DD3-AE34291B7112}.Debug|Any CPU.Build.0 = Debug|Any CPU
		{6F245A8C-349B-4113-9DD3-AE34291B7112}.Release|Any CPU.ActiveCfg = Release|Any CPU
		{6F245A8C-349B-4113-9DD3-AE34291B7112}.Release|Any CPU.Build.0 = Release|Any CPU
		{B0F3F13C-7398-438E-B135-CAEC31ED3B05}.Debug|Any CPU.ActiveCfg = Debug|Any CPU
		{B0F3F13C-7398-438E-B135-CAEC31ED3B05}.Debug|Any CPU.Build.0 = Debug|Any CPU
		{B0F3F13C-7398-438E-B135-CAEC31ED3B05}.Debug|Any CPU.Deploy.0 = Debug|Any CPU
		{B0F3F13C-7398-438E-B135-CAEC31ED3B05}.Release|Any CPU.ActiveCfg = Release|Any CPU
		{B0F3F13C-7398-438E-B135-CAEC31ED3B05}.Release|Any CPU.Build.0 = Release|Any CPU
		{B0F3F13C-7398-438E-B135-CAEC31ED3B05}.Release|Any CPU.Deploy.0 = Release|Any CPU
	EndGlobalSection
	GlobalSection(SolutionProperties) = preSolution
		HideSolutionNode = FALSE
	EndGlobalSection
	GlobalSection(ExtensibilityGlobals) = postSolution
		SolutionGuid = {CB7A2236-4EAA-4230-9724-55A098E5E9AB}
	EndGlobalSection
EndGlobal
